
Microsoft Visual Studio Solution File, Format Version 12.00
# Visual Studio Version 16
VisualStudioVersion = 16.0.30907.101
MinimumVisualStudioVersion = 10.0.40219.1
Project("{888888A0-9F3D-457C-B088-3A5042F75D52}") = "MoveZeros", "MoveZeros\MoveZeros.pyproj", "{8D149B2E-FE8E-4DBC-A526-6EC132B6348C}"
EndProject
Global
	GlobalSection(SolutionConfigurationPlatforms) = preSolution
		Debug|Any CPU = Debug|Any CPU
		Release|Any CPU = Release|Any CPU
	EndGlobalSection
	GlobalSection(ProjectConfigurationPlatforms) = postSolution
		{8D149B2E-FE8E-4DBC-A526-6EC132B6348C}.Debug|Any CPU.ActiveCfg = Debug|Any CPU
		{8D149B2E-FE8E-4DBC-A526-6EC132B6348C}.Release|Any CPU.ActiveCfg = Release|Any CPU
	EndGlobalSection
	GlobalSection(SolutionProperties) = preSolution
		HideSolutionNode = FALSE
	EndGlobalSection
	GlobalSection(ExtensibilityGlobals) = postSolution
		SolutionGuid = {7402BA15-2E69-4349-95F2-20F6F687C34E}
	EndGlobalSection
EndGlobal
