
Microsoft Visual Studio Solution File, Format Version 12.00
# Visual Studio Version 16
VisualStudioVersion = 16.0.30907.101
MinimumVisualStudioVersion = 10.0.40219.1
Project("{888888A0-9F3D-457C-B088-3A5042F75D52}") = "SinglyLinkedList_Practice", "SinglyLinkedList_Practice\SinglyLinkedList_Practice.pyproj", "{CB9F4692-D1E9-4108-A75B-BD8C3227880D}"
EndProject
Global
	GlobalSection(SolutionConfigurationPlatforms) = preSolution
		Debug|Any CPU = Debug|Any CPU
		Release|Any CPU = Release|Any CPU
	EndGlobalSection
	GlobalSection(ProjectConfigurationPlatforms) = postSolution
		{CB9F4692-D1E9-4108-A75B-BD8C3227880D}.Debug|Any CPU.ActiveCfg = Debug|Any CPU
		{CB9F4692-D1E9-4108-A75B-BD8C3227880D}.Release|Any CPU.ActiveCfg = Release|Any CPU
	EndGlobalSection
	GlobalSection(SolutionProperties) = preSolution
		HideSolutionNode = FALSE
	EndGlobalSection
	GlobalSection(ExtensibilityGlobals) = postSolution
		SolutionGuid = {E81E454D-C8BE-462F-BEEA-92A53CAB7EBB}
	EndGlobalSection
EndGlobal
