
Microsoft Visual Studio Solution File, Format Version 12.00
# Visual Studio Version 16
VisualStudioVersion = 16.0.30907.101
MinimumVisualStudioVersion = 10.0.40219.1
Project("{888888A0-9F3D-457C-B088-3A5042F75D52}") = "TwoSum", "TwoSum\TwoSum.pyproj", "{FEF8EFC5-0FB3-4DBE-B5CA-E2D2768F7C73}"
EndProject
Global
	GlobalSection(SolutionConfigurationPlatforms) = preSolution
		Debug|Any CPU = Debug|Any CPU
		Release|Any CPU = Release|Any CPU
	EndGlobalSection
	GlobalSection(ProjectConfigurationPlatforms) = postSolution
		{FEF8EFC5-0FB3-4DBE-B5CA-E2D2768F7C73}.Debug|Any CPU.ActiveCfg = Debug|Any CPU
		{FEF8EFC5-0FB3-4DBE-B5CA-E2D2768F7C73}.Release|Any CPU.ActiveCfg = Release|Any CPU
	EndGlobalSection
	GlobalSection(SolutionProperties) = preSolution
		HideSolutionNode = FALSE
	EndGlobalSection
	GlobalSection(ExtensibilityGlobals) = postSolution
		SolutionGuid = {CEF4B78D-B09C-4DBC-AF9E-BE738951A777}
	EndGlobalSection
EndGlobal
