
Microsoft Visual Studio Solution File, Format Version 12.00
# Visual Studio Version 16
VisualStudioVersion = 16.0.30907.101
MinimumVisualStudioVersion = 10.0.40219.1
Project("{888888A0-9F3D-457C-B088-3A5042F75D52}") = "Array_TwoSum", "Array_TwoSum\Array_TwoSum.pyproj", "{0DA243CF-D25B-41D6-9301-A01ABCB3C15D}"
EndProject
Global
	GlobalSection(SolutionConfigurationPlatforms) = preSolution
		Debug|Any CPU = Debug|Any CPU
		Release|Any CPU = Release|Any CPU
	EndGlobalSection
	GlobalSection(ProjectConfigurationPlatforms) = postSolution
		{0DA243CF-D25B-41D6-9301-A01ABCB3C15D}.Debug|Any CPU.ActiveCfg = Debug|Any CPU
		{0DA243CF-D25B-41D6-9301-A01ABCB3C15D}.Release|Any CPU.ActiveCfg = Release|Any CPU
	EndGlobalSection
	GlobalSection(SolutionProperties) = preSolution
		HideSolutionNode = FALSE
	EndGlobalSection
	GlobalSection(ExtensibilityGlobals) = postSolution
		SolutionGuid = {14491FAE-2739-4625-9F0F-AB7C1EC3763C}
	EndGlobalSection
EndGlobal
