
Microsoft Visual Studio Solution File, Format Version 12.00
# Visual Studio Version 16
VisualStudioVersion = 16.0.30907.101
MinimumVisualStudioVersion = 10.0.40219.1
Project("{888888A0-9F3D-457C-B088-3A5042F75D52}") = "RemoveNthNodeFromEndofList", "RemoveNthNodeFromEndofList\RemoveNthNodeFromEndofList.pyproj", "{999DA5AE-BAC7-4484-95F8-74C9E4F53E6F}"
EndProject
Global
	GlobalSection(SolutionConfigurationPlatforms) = preSolution
		Debug|Any CPU = Debug|Any CPU
		Release|Any CPU = Release|Any CPU
	EndGlobalSection
	GlobalSection(ProjectConfigurationPlatforms) = postSolution
		{999DA5AE-BAC7-4484-95F8-74C9E4F53E6F}.Debug|Any CPU.ActiveCfg = Debug|Any CPU
		{999DA5AE-BAC7-4484-95F8-74C9E4F53E6F}.Release|Any CPU.ActiveCfg = Release|Any CPU
	EndGlobalSection
	GlobalSection(SolutionProperties) = preSolution
		HideSolutionNode = FALSE
	EndGlobalSection
	GlobalSection(ExtensibilityGlobals) = postSolution
		SolutionGuid = {BC3EDD8E-B570-45DF-909D-983EB1A5A819}
	EndGlobalSection
EndGlobal
