
Microsoft Visual Studio Solution File, Format Version 12.00
# Visual Studio Version 16
VisualStudioVersion = 16.0.30907.101
MinimumVisualStudioVersion = 10.0.40219.1
Project("{888888A0-9F3D-457C-B088-3A5042F75D52}") = "Linked List Cycle", "Linked List Cycle\Linked List Cycle.pyproj", "{1E943A03-D4D8-45EE-A5E6-2641A6A81C1B}"
EndProject
Global
	GlobalSection(SolutionConfigurationPlatforms) = preSolution
		Debug|Any CPU = Debug|Any CPU
		Release|Any CPU = Release|Any CPU
	EndGlobalSection
	GlobalSection(ProjectConfigurationPlatforms) = postSolution
		{1E943A03-D4D8-45EE-A5E6-2641A6A81C1B}.Debug|Any CPU.ActiveCfg = Debug|Any CPU
		{1E943A03-D4D8-45EE-A5E6-2641A6A81C1B}.Release|Any CPU.ActiveCfg = Release|Any CPU
	EndGlobalSection
	GlobalSection(SolutionProperties) = preSolution
		HideSolutionNode = FALSE
	EndGlobalSection
	GlobalSection(ExtensibilityGlobals) = postSolution
		SolutionGuid = {73307B12-3E2A-4041-8F94-001A6611088A}
	EndGlobalSection
EndGlobal
